
Microsoft Visual Studio Solution File, Format Version 12.00
# Visual Studio Version 17
VisualStudioVersion = 17.9.34728.123
MinimumVisualStudioVersion = 10.0.40219.1
Project("{FAE04EC0-301F-11D3-BF4B-00C04F79EFBC}") = "PickACardUI", "PickACardUI\PickACardUI.csproj", "{34D0D29A-DB70-4220-83AB-8EEF778171C6}"
EndProject
Global
	GlobalSection(SolutionConfigurationPlatforms) = preSolution
		Debug|Any CPU = Debug|Any CPU
		Release|Any CPU = Release|Any CPU
	EndGlobalSection
	GlobalSection(ProjectConfigurationPlatforms) = postSolution
		{34D0D29A-DB70-4220-83AB-8EEF778171C6}.Debug|Any CPU.ActiveCfg = Debug|Any CPU
		{34D0D29A-DB70-4220-83AB-8EEF778171C6}.Debug|Any CPU.Build.0 = Debug|Any CPU
		{34D0D29A-DB70-4220-83AB-8EEF778171C6}.Release|Any CPU.ActiveCfg = Release|Any CPU
		{34D0D29A-DB70-4220-83AB-8EEF778171C6}.Release|Any CPU.Build.0 = Release|Any CPU
	EndGlobalSection
	GlobalSection(SolutionProperties) = preSolution
		HideSolutionNode = FALSE
	EndGlobalSection
	GlobalSection(ExtensibilityGlobals) = postSolution
		SolutionGuid = {1325DE67-2E86-49CB-AC94-CED24281F085}
	EndGlobalSection
EndGlobal
